// !$*UTF8*$!
{
	archiveVersion = 1;
	classes = {
	};
	objectVersion = 77;
	objects = {

/* Begin PBXBuildFile section */
		E4B1BAD12D8722A800B58684 /* GoogleService-Info.plist in Resources */ = {isa = PBXBuildFile; fileRef = E4B1BAD02D8722A800B58684 /* GoogleService-Info.plist */; };
		E4B1BAD42D87251B00B58684 /* FirebaseFirestore in Frameworks */ = {isa = PBXBuildFile; productRef = E4B1BAD32D87251B00B58684 /* FirebaseFirestore */; };
/* End PBXBuildFile section */

/* Begin PBXContainerItemProxy section */
		E4B1BAAE2D87206600B58684 /* PBXContainerItemProxy */ = {
			isa = PBXContainerItemProxy;
			containerPortal = E4B1BA902D87206300B58684 /* Project object */;
			proxyType = 1;
			remoteGlobalIDString = E4B1BA972D87206300B58684;
			remoteInfo = RCCarScorer;
		};
		E4B1BAB82D87206600B58684 /* PBXContainerItemProxy */ = {
			isa = PBXContainerItemProxy;
			containerPortal = E4B1BA902D87206300B58684 /* Project object */;
			proxyType = 1;
			remoteGlobalIDString = E4B1BA972D87206300B58684;
			remoteInfo = RCCarScorer;
		};
/* End PBXContainerItemProxy section */

/* Begin PBXFileReference section */
		E4B1BA982D87206300B58684 /* RCCarScorer.app */ = {isa = PBXFileReference; explicitFileType = wrapper.application; includeInIndex = 0; path = RCCarScorer.app; sourceTree = BUILT_PRODUCTS_DIR; };
		E4B1BAAD2D87206600B58684 /* RCCarScorerTests.xctest */ = {isa = PBXFileReference; explicitFileType = wrapper.cfbundle; includeInIndex = 0; path = RCCarScorerTests.xctest; sourceTree = BUILT_PRODUCTS_DIR; };
		E4B1BAB72D87206600B58684 /* RCCarScorerUITests.xctest */ = {isa = PBXFileReference; explicitFileType = wrapper.cfbundle; includeInIndex = 0; path = RCCarScorerUITests.xctest; sourceTree = BUILT_PRODUCTS_DIR; };
		E4B1BAD02D8722A800B58684 /* GoogleService-Info.plist */ = {isa = PBXFileReference; lastKnownFileType = text.plist.xml; path = "GoogleService-Info.plist"; sourceTree = "<group>"; };
/* End PBXFileReference section */

/* Begin PBXFileSystemSynchronizedRootGroup section */
		E4B1BA9A2D87206300B58684 /* RCCarScorer */ = {
			isa = PBXFileSystemSynchronizedRootGroup;
			path = RCCarScorer;
			sourceTree = "<group>";
		};
		E4B1BAB02D87206600B58684 /* RCCarScorerTests */ = {
			isa = PBXFileSystemSynchronizedRootGroup;
			path = RCCarScorerTests;
			sourceTree = "<group>";
		};
		E4B1BABA2D87206600B58684 /* RCCarScorerUITests */ = {
			isa = PBXFileSystemSynchronizedRootGroup;
			path = RCCarScorerUITests;
			sourceTree = "<group>";
		};
/* End PBXFileSystemSynchronizedRootGroup section */

/* Begin PBXFrameworksBuildPhase section */
		E4B1BA952D87206300B58684 /* Frameworks */ = {
			isa = PBXFrameworksBuildPhase;
			buildActionMask = 2147483647;
			files = (
				E4B1BAD42D87251B00B58684 /* FirebaseFirestore in Frameworks */,
			);
			runOnlyForDeploymentPostprocessing = 0;
		};
		E4B1BAAA2D87206600B58684 /* Frameworks */ = {
			isa = PBXFrameworksBuildPhase;
			buildActionMask = 2147483647;
			files = (
			);
			runOnlyForDeploymentPostprocessing = 0;
		};
		E4B1BAB42D87206600B58684 /* Frameworks */ = {
			isa = PBXFrameworksBuildPhase;
			buildActionMask = 2147483647;
			files = (
			);
			runOnlyForDeploymentPostprocessing = 0;
		};
/* End PBXFrameworksBuildPhase section */

/* Begin PBXGroup section */
		E4B1BA8F2D87206300B58684 = {
			isa = PBXGroup;
			children = (
				E4B1BA9A2D87206300B58684 /* RCCarScorer */,
				E4B1BAB02D87206600B58684 /* RCCarScorerTests */,
				E4B1BABA2D87206600B58684 /* RCCarScorerUITests */,
				E4B1BA992D87206300B58684 /* Products */,
				E4B1BAD02D8722A800B58684 /* GoogleService-Info.plist */,
			);
			sourceTree = "<group>";
		};
		E4B1BA992D87206300B58684 /* Products */ = {
			isa = PBXGroup;
			children = (
				E4B1BA982D87206300B58684 /* RCCarScorer.app */,
				E4B1BAAD2D87206600B58684 /* RCCarScorerTests.xctest */,
				E4B1BAB72D87206600B58684 /* RCCarScorerUITests.xctest */,
			);
			name = Products;
			sourceTree = "<group>";
		};
/* End PBXGroup section */

/* Begin PBXNativeTarget section */
		E4B1BA972D87206300B58684 /* RCCarScorer */ = {
			isa = PBXNativeTarget;
			buildConfigurationList = E4B1BAC12D87206600B58684 /* Build configuration list for PBXNativeTarget "RCCarScorer" */;
			buildPhases = (
				E4B1BA942D87206300B58684 /* Sources */,
				E4B1BA952D87206300B58684 /* Frameworks */,
				E4B1BA962D87206300B58684 /* Resources */,
			);
			buildRules = (
			);
			dependencies = (
			);
			fileSystemSynchronizedGroups = (
				E4B1BA9A2D87206300B58684 /* RCCarScorer */,
			);
			name = RCCarScorer;
			packageProductDependencies = (
				E4B1BAD32D87251B00B58684 /* FirebaseFirestore */,
			);
			productName = RCCarScorer;
			productReference = E4B1BA982D87206300B58684 /* RCCarScorer.app */;
			productType = "com.apple.product-type.application";
		};
		E4B1BAAC2D87206600B58684 /* RCCarScorerTests */ = {
			isa = PBXNativeTarget;
			buildConfigurationList = E4B1BAC42D87206600B58684 /* Build configuration list for PBXNativeTarget "RCCarScorerTests" */;
			buildPhases = (
				E4B1BAA92D87206600B58684 /* Sources */,
				E4B1BAAA2D87206600B58684 /* Frameworks */,
				E4B1BAAB2D87206600B58684 /* Resources */,
			);
			buildRules = (
			);
			dependencies = (
				E4B1BAAF2D87206600B58684 /* PBXTargetDependency */,
			);
			fileSystemSynchronizedGroups = (
				E4B1BAB02D87206600B58684 /* RCCarScorerTests */,
			);
			name = RCCarScorerTests;
			packageProductDependencies = (
			);
			productName = RCCarScorerTests;
			productReference = E4B1BAAD2D87206600B58684 /* RCCarScorerTests.xctest */;
			productType = "com.apple.product-type.bundle.unit-test";
		};
		E4B1BAB62D87206600B58684 /* RCCarScorerUITests */ = {
			isa = PBXNativeTarget;
			buildConfigurationList = E4B1BAC72D87206600B58684 /* Build configuration list for PBXNativeTarget "RCCarScorerUITests" */;
			buildPhases = (
				E4B1BAB32D87206600B58684 /* Sources */,
				E4B1BAB42D87206600B58684 /* Frameworks */,
				E4B1BAB52D87206600B58684 /* Resources */,
			);
			buildRules = (
			);
			dependencies = (
				E4B1BAB92D87206600B58684 /* PBXTargetDependency */,
			);
			fileSystemSynchronizedGroups = (
				E4B1BABA2D87206600B58684 /* RCCarScorerUITests */,
			);
			name = RCCarScorerUITests;
			packageProductDependencies = (
			);
			productName = RCCarScorerUITests;
			productReference = E4B1BAB72D87206600B58684 /* RCCarScorerUITests.xctest */;
			productType = "com.apple.product-type.bundle.ui-testing";
		};
/* End PBXNativeTarget section */

/* Begin PBXProject section */
		E4B1BA902D87206300B58684 /* Project object */ = {
			isa = PBXProject;
			attributes = {
				BuildIndependentTargetsInParallel = 1;
				LastSwiftUpdateCheck = 1620;
				LastUpgradeCheck = 1620;
				TargetAttributes = {
					E4B1BA972D87206300B58684 = {
						CreatedOnToolsVersion = 16.2;
					};
					E4B1BAAC2D87206600B58684 = {
						CreatedOnToolsVersion = 16.2;
						TestTargetID = E4B1BA972D87206300B58684;
					};
					E4B1BAB62D87206600B58684 = {
						CreatedOnToolsVersion = 16.2;
						TestTargetID = E4B1BA972D87206300B58684;
					};
				};
			};
			buildConfigurationList = E4B1BA932D87206300B58684 /* Build configuration list for PBXProject "RCCarScorer" */;
			developmentRegion = en;
			hasScannedForEncodings = 0;
			knownRegions = (
				en,
				Base,
			);
			mainGroup = E4B1BA8F2D87206300B58684;
			minimizedProjectReferenceProxies = 1;
			packageReferences = (
				E4B1BAD22D87251B00B58684 /* XCRemoteSwiftPackageReference "firebase-ios-sdk" */,
			);
			preferredProjectObjectVersion = 77;
			productRefGroup = E4B1BA992D87206300B58684 /* Products */;
			projectDirPath = "";
			projectRoot = "";
			targets = (
				E4B1BA972D87206300B58684 /* RCCarScorer */,
				E4B1BAAC2D87206600B58684 /* RCCarScorerTests */,
				E4B1BAB62D87206600B58684 /* RCCarScorerUITests */,
			);
		};
/* End PBXProject section */

/* Begin PBXResourcesBuildPhase section */
		E4B1BA962D87206300B58684 /* Resources */ = {
			isa = PBXResourcesBuildPhase;
			buildActionMask = 2147483647;
			files = (
				E4B1BAD12D8722A800B58684 /* GoogleService-Info.plist in Resources */,
			);
			runOnlyForDeploymentPostprocessing = 0;
		};
		E4B1BAAB2D87206600B58684 /* Resources */ = {
			isa = PBXResourcesBuildPhase;
			buildActionMask = 2147483647;
			files = (
			);
			runOnlyForDeploymentPostprocessing = 0;
		};
		E4B1BAB52D87206600B58684 /* Resources */ = {
			isa = PBXResourcesBuildPhase;
			buildActionMask = 2147483647;
			files = (
			);
			runOnlyForDeploymentPostprocessing = 0;
		};
/* End PBXResourcesBuildPhase section */

/* Begin PBXSourcesBuildPhase section */
		E4B1BA942D87206300B58684 /* Sources */ = {
			isa = PBXSourcesBuildPhase;
			buildActionMask = 2147483647;
			files = (
			);
			runOnlyForDeploymentPostprocessing = 0;
		};
		E4B1BAA92D87206600B58684 /* Sources */ = {
			isa = PBXSourcesBuildPhase;
			buildActionMask = 2147483647;
			files = (
			);
			runOnlyForDeploymentPostprocessing = 0;
		};
		E4B1BAB32D87206600B58684 /* Sources */ = {
			isa = PBXSourcesBuildPhase;
			buildActionMask = 2147483647;
			files = (
			);
			runOnlyForDeploymentPostprocessing = 0;
		};
/* End PBXSourcesBuildPhase section */

/* Begin PBXTargetDependency section */
		E4B1BAAF2D87206600B58684 /* PBXTargetDependency */ = {
			isa = PBXTargetDependency;
			target = E4B1BA972D87206300B58684 /* RCCarScorer */;
			targetProxy = E4B1BAAE2D87206600B58684 /* PBXContainerItemProxy */;
		};
		E4B1BAB92D87206600B58684 /* PBXTargetDependency */ = {
			isa = PBXTargetDependency;
			target = E4B1BA972D87206300B58684 /* RCCarScorer */;
			targetProxy = E4B1BAB82D87206600B58684 /* PBXContainerItemProxy */;
		};
/* End PBXTargetDependency section */

/* Begin XCBuildConfiguration section */
		E4B1BABF2D87206600B58684 /* Debug */ = {
			isa = XCBuildConfiguration;
			buildSettings = {
				ALWAYS_SEARCH_USER_PATHS = NO;
				ASSETCATALOG_COMPILER_GENERATE_SWIFT_ASSET_SYMBOL_EXTENSIONS = YES;
				CLANG_ANALYZER_NONNULL = YES;
				CLANG_ANALYZER_NUMBER_OBJECT_CONVERSION = YES_AGGRESSIVE;
				CLANG_CXX_LANGUAGE_STANDARD = "gnu++20";
				CLANG_ENABLE_MODULES = YES;
				CLANG_ENABLE_OBJC_ARC = YES;
				CLANG_ENABLE_OBJC_WEAK = YES;
				CLANG_WARN_BLOCK_CAPTURE_AUTORELEASING = YES;
				CLANG_WARN_BOOL_CONVERSION = YES;
				CLANG_WARN_COMMA = YES;
				CLANG_WARN_CONSTANT_CONVERSION = YES;
				CLANG_WARN_DEPRECATED_OBJC_IMPLEMENTATIONS = YES;
				CLANG_WARN_DIRECT_OBJC_ISA_USAGE = YES_ERROR;
				CLANG_WARN_DOCUMENTATION_COMMENTS = YES;
				CLANG_WARN_EMPTY_BODY = YES;
				CLANG_WARN_ENUM_CONVERSION = YES;
				CLANG_WARN_INFINITE_RECURSION = YES;
				CLANG_WARN_INT_CONVERSION = YES;
				CLANG_WARN_NON_LITERAL_NULL_CONVERSION = YES;
				CLANG_WARN_OBJC_IMPLICIT_RETAIN_SELF = YES;
				CLANG_WARN_OBJC_LITERAL_CONVERSION = YES;
				CLANG_WARN_OBJC_ROOT_CLASS = YES_ERROR;
				CLANG_WARN_QUOTED_INCLUDE_IN_FRAMEWORK_HEADER = YES;
				CLANG_WARN_RANGE_LOOP_ANALYSIS = YES;
				CLANG_WARN_STRICT_PROTOTYPES = YES;
				CLANG_WARN_SUSPICIOUS_MOVE = YES;
				CLANG_WARN_UNGUARDED_AVAILABILITY = YES_AGGRESSIVE;
				CLANG_WARN_UNREACHABLE_CODE = YES;
				CLANG_WARN__DUPLICATE_METHOD_MATCH = YES;
				COPY_PHASE_STRIP = NO;
				DEBUG_INFORMATION_FORMAT = dwarf;
				ENABLE_STRICT_OBJC_MSGSEND = YES;
				ENABLE_TESTABILITY = YES;
				ENABLE_USER_SCRIPT_SANDBOXING = YES;
				GCC_C_LANGUAGE_STANDARD = gnu17;
				GCC_DYNAMIC_NO_PIC = NO;
				GCC_NO_COMMON_BLOCKS = YES;
				GCC_OPTIMIZATION_LEVEL = 0;
				GCC_PREPROCESSOR_DEFINITIONS = (
					"DEBUG=1",
					"$(inherited)",
				);
				GCC_WARN_64_TO_32_BIT_CONVERSION = YES;
				GCC_WARN_ABOUT_RETURN_TYPE = YES_ERROR;
				GCC_WARN_UNDECLARED_SELECTOR = YES;
				GCC_WARN_UNINITIALIZED_AUTOS = YES_AGGRESSIVE;
				GCC_WARN_UNUSED_FUNCTION = YES;
				GCC_WARN_UNUSED_VARIABLE = YES;
				IPHONEOS_DEPLOYMENT_TARGET = 18.2;
				LOCALIZATION_PREFERS_STRING_CATALOGS = YES;
				MTL_ENABLE_DEBUG_INFO = INCLUDE_SOURCE;
				MTL_FAST_MATH = YES;
				ONLY_ACTIVE_ARCH = YES;
				SDKROOT = iphoneos;
				SWIFT_ACTIVE_COMPILATION_CONDITIONS = "DEBUG $(inherited)";
				SWIFT_OPTIMIZATION_LEVEL = "-Onone";
			};
			name = Debug;
		};
		E4B1BAC02D87206600B58684 /* Release */ = {
			isa = XCBuildConfiguration;
			buildSettings = {
				ALWAYS_SEARCH_USER_PATHS = NO;
				ASSETCATALOG_COMPILER_GENERATE_SWIFT_ASSET_SYMBOL_EXTENSIONS = YES;
				CLANG_ANALYZER_NONNULL = YES;
				CLANG_ANALYZER_NUMBER_OBJECT_CONVERSION = YES_AGGRESSIVE;
				CLANG_CXX_LANGUAGE_STANDARD = "gnu++20";
				CLANG_ENABLE_MODULES = YES;
				CLANG_ENABLE_OBJC_ARC = YES;
				CLANG_ENABLE_OBJC_WEAK = YES;
				CLANG_WARN_BLOCK_CAPTURE_AUTORELEASING = YES;
				CLANG_WARN_BOOL_CONVERSION = YES;
				CLANG_WARN_COMMA = YES;
				CLANG_WARN_CONSTANT_CONVERSION = YES;
				CLANG_WARN_DEPRECATED_OBJC_IMPLEMENTATIONS = YES;
				CLANG_WARN_DIRECT_OBJC_ISA_USAGE = YES_ERROR;
				CLANG_WARN_DOCUMENTATION_COMMENTS = YES;
				CLANG_WARN_EMPTY_BODY = YES;
				CLANG_WARN_ENUM_CONVERSION = YES;
				CLANG_WARN_INFINITE_RECURSION = YES;
				CLANG_WARN_INT_CONVERSION = YES;
				CLANG_WARN_NON_LITERAL_NULL_CONVERSION = YES;
				CLANG_WARN_OBJC_IMPLICIT_RETAIN_SELF = YES;
				CLANG_WARN_OBJC_LITERAL_CONVERSION = YES;
				CLANG_WARN_OBJC_ROOT_CLASS = YES_ERROR;
				CLANG_WARN_QUOTED_INCLUDE_IN_FRAMEWORK_HEADER = YES;
				CLANG_WARN_RANGE_LOOP_ANALYSIS = YES;
				CLANG_WARN_STRICT_PROTOTYPES = YES;
				CLANG_WARN_SUSPICIOUS_MOVE = YES;
				CLANG_WARN_UNGUARDED_AVAILABILITY = YES_AGGRESSIVE;
				CLANG_WARN_UNREACHABLE_CODE = YES;
				CLANG_WARN__DUPLICATE_METHOD_MATCH = YES;
				COPY_PHASE_STRIP = NO;
				DEBUG_INFORMATION_FORMAT = "dwarf-with-dsym";
				ENABLE_NS_ASSERTIONS = NO;
				ENABLE_STRICT_OBJC_MSGSEND = YES;
				ENABLE_USER_SCRIPT_SANDBOXING = YES;
				GCC_C_LANGUAGE_STANDARD = gnu17;
				GCC_NO_COMMON_BLOCKS = YES;
				GCC_WARN_64_TO_32_BIT_CONVERSION = YES;
				GCC_WARN_ABOUT_RETURN_TYPE = YES_ERROR;
				GCC_WARN_UNDECLARED_SELECTOR = YES;
				GCC_WARN_UNINITIALIZED_AUTOS = YES_AGGRESSIVE;
				GCC_WARN_UNUSED_FUNCTION = YES;
				GCC_WARN_UNUSED_VARIABLE = YES;
				IPHONEOS_DEPLOYMENT_TARGET = 18.2;
				LOCALIZATION_PREFERS_STRING_CATALOGS = YES;
				MTL_ENABLE_DEBUG_INFO = NO;
				MTL_FAST_MATH = YES;
				SDKROOT = iphoneos;
				SWIFT_COMPILATION_MODE = wholemodule;
				VALIDATE_PRODUCT = YES;
			};
			name = Release;
		};
		E4B1BAC22D87206600B58684 /* Debug */ = {
			isa = XCBuildConfiguration;
			buildSettings = {
				ASSETCATALOG_COMPILER_APPICON_NAME = AppIcon;
				ASSETCATALOG_COMPILER_GLOBAL_ACCENT_COLOR_NAME = AccentColor;
				CODE_SIGN_STYLE = Automatic;
				CURRENT_PROJECT_VERSION = 1;
				DEVELOPMENT_ASSET_PATHS = "\"RCCarScorer/Preview Content\"";
				DEVELOPMENT_TEAM = 222WJG5429;
				ENABLE_PREVIEWS = YES;
				GENERATE_INFOPLIST_FILE = YES;
				INFOPLIST_KEY_UIApplicationSceneManifest_Generation = YES;
				INFOPLIST_KEY_UIApplicationSupportsIndirectInputEvents = YES;
				INFOPLIST_KEY_UILaunchScreen_Generation = YES;
				INFOPLIST_KEY_UISupportedInterfaceOrientations_iPad = "UIInterfaceOrientationPortrait UIInterfaceOrientationPortraitUpsideDown UIInterfaceOrientationLandscapeLeft UIInterfaceOrientationLandscapeRight";
				INFOPLIST_KEY_UISupportedInterfaceOrientations_iPhone = "UIInterfaceOrientationPortrait UIInterfaceOrientationLandscapeLeft UIInterfaceOrientationLandscapeRight";
				LD_RUNPATH_SEARCH_PATHS = (
					"$(inherited)",
					"@executable_path/Frameworks",
				);
				MARKETING_VERSION = 1.0;
				PRODUCT_BUNDLE_IDENTIFIER = com.mebcomsystems.RCCarScorer;
				PRODUCT_NAME = "$(TARGET_NAME)";
				SWIFT_EMIT_LOC_STRINGS = YES;
				SWIFT_VERSION = 5.0;
				TARGETED_DEVICE_FAMILY = "1,2";
			};
			name = Debug;
		};
		E4B1BAC32D87206600B58684 /* Release */ = {
			isa = XCBuildConfiguration;
			buildSettings = {
				ASSETCATALOG_COMPILER_APPICON_NAME = AppIcon;
				ASSETCATALOG_COMPILER_GLOBAL_ACCENT_COLOR_NAME = AccentColor;
				CODE_SIGN_STYLE = Automatic;
				CURRENT_PROJECT_VERSION = 1;
				DEVELOPMENT_ASSET_PATHS = "\"RCCarScorer/Preview Content\"";
				DEVELOPMENT_TEAM = 222WJG5429;
				ENABLE_PREVIEWS = YES;
				GENERATE_INFOPLIST_FILE = YES;
				INFOPLIST_KEY_UIApplicationSceneManifest_Generation = YES;
				INFOPLIST_KEY_UIApplicationSupportsIndirectInputEvents = YES;
				INFOPLIST_KEY_UILaunchScreen_Generation = YES;
				INFOPLIST_KEY_UISupportedInterfaceOrientations_iPad = "UIInterfaceOrientationPortrait UIInterfaceOrientationPortraitUpsideDown UIInterfaceOrientationLandscapeLeft UIInterfaceOrientationLandscapeRight";
				INFOPLIST_KEY_UISupportedInterfaceOrientations_iPhone = "UIInterfaceOrientationPortrait UIInterfaceOrientationLandscapeLeft UIInterfaceOrientationLandscapeRight";
				LD_RUNPATH_SEARCH_PATHS = (
					"$(inherited)",
					"@executable_path/Frameworks",
				);
				MARKETING_VERSION = 1.0;
				PRODUCT_BUNDLE_IDENTIFIER = com.mebcomsystems.RCCarScorer;
				PRODUCT_NAME = "$(TARGET_NAME)";
				SWIFT_EMIT_LOC_STRINGS = YES;
				SWIFT_VERSION = 5.0;
				TARGETED_DEVICE_FAMILY = "1,2";
			};
			name = Release;
		};
		E4B1BAC52D87206600B58684 /* Debug */ = {
			isa = XCBuildConfiguration;
			buildSettings = {
				BUNDLE_LOADER = "$(TEST_HOST)";
				CODE_SIGN_STYLE = Automatic;
				CURRENT_PROJECT_VERSION = 1;
				DEVELOPMENT_TEAM = 222WJG5429;
				GENERATE_INFOPLIST_FILE = YES;
				IPHONEOS_DEPLOYMENT_TARGET = 18.2;
				MARKETING_VERSION = 1.0;
				PRODUCT_BUNDLE_IDENTIFIER = com.mebcomsystems.RCCarScorerTests;
				PRODUCT_NAME = "$(TARGET_NAME)";
				SWIFT_EMIT_LOC_STRINGS = NO;
				SWIFT_VERSION = 5.0;
				TARGETED_DEVICE_FAMILY = "1,2";
				TEST_HOST = "$(BUILT_PRODUCTS_DIR)/RCCarScorer.app/$(BUNDLE_EXECUTABLE_FOLDER_PATH)/RCCarScorer";
			};
			name = Debug;
		};
		E4B1BAC62D87206600B58684 /* Release */ = {
			isa = XCBuildConfiguration;
			buildSettings = {
				BUNDLE_LOADER = "$(TEST_HOST)";
				CODE_SIGN_STYLE = Automatic;
				CURRENT_PROJECT_VERSION = 1;
				DEVELOPMENT_TEAM = 222WJG5429;
				GENERATE_INFOPLIST_FILE = YES;
				IPHONEOS_DEPLOYMENT_TARGET = 18.2;
				MARKETING_VERSION = 1.0;
				PRODUCT_BUNDLE_IDENTIFIER = com.mebcomsystems.RCCarScorerTests;
				PRODUCT_NAME = "$(TARGET_NAME)";
				SWIFT_EMIT_LOC_STRINGS = NO;
				SWIFT_VERSION = 5.0;
				TARGETED_DEVICE_FAMILY = "1,2";
				TEST_HOST = "$(BUILT_PRODUCTS_DIR)/RCCarScorer.app/$(BUNDLE_EXECUTABLE_FOLDER_PATH)/RCCarScorer";
			};
			name = Release;
		};
		E4B1BAC82D87206600B58684 /* Debug */ = {
			isa = XCBuildConfiguration;
			buildSettings = {
				CODE_SIGN_STYLE = Automatic;
				CURRENT_PROJECT_VERSION = 1;
				DEVELOPMENT_TEAM = 222WJG5429;
				GENERATE_INFOPLIST_FILE = YES;
				MARKETING_VERSION = 1.0;
				PRODUCT_BUNDLE_IDENTIFIER = com.mebcomsystems.RCCarScorerUITests;
				PRODUCT_NAME = "$(TARGET_NAME)";
				SWIFT_EMIT_LOC_STRINGS = NO;
				SWIFT_VERSION = 5.0;
				TARGETED_DEVICE_FAMILY = "1,2";
				TEST_TARGET_NAME = RCCarScorer;
			};
			name = Debug;
		};
		E4B1BAC92D87206600B58684 /* Release */ = {
			isa = XCBuildConfiguration;
			buildSettings = {
				CODE_SIGN_STYLE = Automatic;
				CURRENT_PROJECT_VERSION = 1;
				DEVELOPMENT_TEAM = 222WJG5429;
				GENERATE_INFOPLIST_FILE = YES;
				MARKETING_VERSION = 1.0;
				PRODUCT_BUNDLE_IDENTIFIER = com.mebcomsystems.RCCarScorerUITests;
				PRODUCT_NAME = "$(TARGET_NAME)";
				SWIFT_EMIT_LOC_STRINGS = NO;
				SWIFT_VERSION = 5.0;
				TARGETED_DEVICE_FAMILY = "1,2";
				TEST_TARGET_NAME = RCCarScorer;
			};
			name = Release;
		};
/* End XCBuildConfiguration section */

/* Begin XCConfigurationList section */
		E4B1BA932D87206300B58684 /* Build configuration list for PBXProject "RCCarScorer" */ = {
			isa = XCConfigurationList;
			buildConfigurations = (
				E4B1BABF2D87206600B58684 /* Debug */,
				E4B1BAC02D87206600B58684 /* Release */,
			);
			defaultConfigurationIsVisible = 0;
			defaultConfigurationName = Release;
		};
		E4B1BAC12D87206600B58684 /* Build configuration list for PBXNativeTarget "RCCarScorer" */ = {
			isa = XCConfigurationList;
			buildConfigurations = (
				E4B1BAC22D87206600B58684 /* Debug */,
				E4B1BAC32D87206600B58684 /* Release */,
			);
			defaultConfigurationIsVisible = 0;
			defaultConfigurationName = Release;
		};
		E4B1BAC42D87206600B58684 /* Build configuration list for PBXNativeTarget "RCCarScorerTests" */ = {
			isa = XCConfigurationList;
			buildConfigurations = (
				E4B1BAC52D87206600B58684 /* Debug */,
				E4B1BAC62D87206600B58684 /* Release */,
			);
			defaultConfigurationIsVisible = 0;
			defaultConfigurationName = Release;
		};
		E4B1BAC72D87206600B58684 /* Build configuration list for PBXNativeTarget "RCCarScorerUITests" */ = {
			isa = XCConfigurationList;
			buildConfigurations = (
				E4B1BAC82D87206600B58684 /* Debug */,
				E4B1BAC92D87206600B58684 /* Release */,
			);
			defaultConfigurationIsVisible = 0;
			defaultConfigurationName = Release;
		};
/* End XCConfigurationList section */

/* Begin XCRemoteSwiftPackageReference section */
		E4B1BAD22D87251B00B58684 /* XCRemoteSwiftPackageReference "firebase-ios-sdk" */ = {
			isa = XCRemoteSwiftPackageReference;
			repositoryURL = "https://github.com/firebase/firebase-ios-sdk.git";
			requirement = {
				kind = upToNextMajorVersion;
				minimumVersion = 11.9.0;
			};
		};
/* End XCRemoteSwiftPackageReference section */

/* Begin XCSwiftPackageProductDependency section */
		E4B1BAD32D87251B00B58684 /* FirebaseFirestore */ = {
			isa = XCSwiftPackageProductDependency;
			package = E4B1BAD22D87251B00B58684 /* XCRemoteSwiftPackageReference "firebase-ios-sdk" */;
			productName = FirebaseFirestore;
		};
/* End XCSwiftPackageProductDependency section */
	};
	rootObject = E4B1BA902D87206300B58684 /* Project object */;
}
